
Microsoft Visual Studio Solution File, Format Version 12.00
# Visual Studio Version 17
VisualStudioVersion = 17.8.34330.188
MinimumVisualStudioVersion = 10.0.40219.1
Project("{9A19103F-16F7-4668-BE54-9A1E7A4F7556}") = "SFA.DAS.TrainingTypes.Api", "SFA.DAS.TrainingTypes.Api\SFA.DAS.TrainingTypes.Api.csproj", "{EF7E24CD-F43B-426F-BD1E-10AB1516B2EF}"
EndProject
Project("{9A19103F-16F7-4668-BE54-9A1E7A4F7556}") = "SFA.DAS.TrainingTypes.Domain", "SFA.DAS.TrainingTypes.Domain\SFA.DAS.TrainingTypes.Domain.csproj", "{F8F47C11-B9DF-41B5-A9BA-E2F866F91893}"
EndProject
Project("{9A19103F-16F7-4668-BE54-9A1E7A4F7556}") = "SFA.DAS.TrainingTypes.Application", "SFA.DAS.TrainingTypes.Application\SFA.DAS.TrainingTypes.Application.csproj", "{5F52FB86-531D-4360-8472-26573F8985A8}"
EndProject
Project("{2150E333-8FDC-42A3-9474-1A3956D46DE8}") = "Tests", "Tests", "{8E17B157-119F-4074-8CEC-E67C932E80B4}"
EndProject
Project("{FAE04EC0-301F-11D3-BF4B-00C04F79EFBC}") = "SFA.DAS.TrainingTypes.Api.UnitTests", "Tests\SFA.DAS.TrainingTypes.Api.UnitTests\SFA.DAS.TrainingTypes.Api.UnitTests.csproj", "{377FD682-4D83-4958-998A-758D8431A405}"
EndProject
Project("{FAE04EC0-301F-11D3-BF4B-00C04F79EFBC}") = "SFA.DAS.TrainingTypes.Application.UnitTests", "Tests\SFA.DAS.TrainingTypes.Application.UnitTests\SFA.DAS.TrainingTypes.Application.UnitTests.csproj", "{DCEC32E3-B72D-4948-A119-D39B0473DE6D}"
EndProject
Global
	GlobalSection(SolutionConfigurationPlatforms) = preSolution
		Debug|Any CPU = Debug|Any CPU
		Release|Any CPU = Release|Any CPU
	EndGlobalSection
	GlobalSection(ProjectConfigurationPlatforms) = postSolution
		{EF7E24CD-F43B-426F-BD1E-10AB1516B2EF}.Debug|Any CPU.ActiveCfg = Debug|Any CPU
		{EF7E24CD-F43B-426F-BD1E-10AB1516B2EF}.Debug|Any CPU.Build.0 = Debug|Any CPU
		{EF7E24CD-F43B-426F-BD1E-10AB1516B2EF}.Release|Any CPU.ActiveCfg = Release|Any CPU
		{EF7E24CD-F43B-426F-BD1E-10AB1516B2EF}.Release|Any CPU.Build.0 = Release|Any CPU
		{F8F47C11-B9DF-41B5-A9BA-E2F866F91893}.Debug|Any CPU.ActiveCfg = Debug|Any CPU
		{F8F47C11-B9DF-41B5-A9BA-E2F866F91893}.Debug|Any CPU.Build.0 = Debug|Any CPU
		{F8F47C11-B9DF-41B5-A9BA-E2F866F91893}.Release|Any CPU.ActiveCfg = Release|Any CPU
		{F8F47C11-B9DF-41B5-A9BA-E2F866F91893}.Release|Any CPU.Build.0 = Release|Any CPU
		{5F52FB86-531D-4360-8472-26573F8985A8}.Debug|Any CPU.ActiveCfg = Debug|Any CPU
		{5F52FB86-531D-4360-8472-26573F8985A8}.Debug|Any CPU.Build.0 = Debug|Any CPU
		{5F52FB86-531D-4360-8472-26573F8985A8}.Release|Any CPU.ActiveCfg = Release|Any CPU
		{5F52FB86-531D-4360-8472-26573F8985A8}.Release|Any CPU.Build.0 = Release|Any CPU
		{377FD682-4D83-4958-998A-758D8431A405}.Debug|Any CPU.ActiveCfg = Debug|Any CPU
		{377FD682-4D83-4958-998A-758D8431A405}.Debug|Any CPU.Build.0 = Debug|Any CPU
		{377FD682-4D83-4958-998A-758D8431A405}.Release|Any CPU.ActiveCfg = Release|Any CPU
		{377FD682-4D83-4958-998A-758D8431A405}.Release|Any CPU.Build.0 = Release|Any CPU
		{DCEC32E3-B72D-4948-A119-D39B0473DE6D}.Debug|Any CPU.ActiveCfg = Debug|Any CPU
		{DCEC32E3-B72D-4948-A119-D39B0473DE6D}.Debug|Any CPU.Build.0 = Debug|Any CPU
		{DCEC32E3-B72D-4948-A119-D39B0473DE6D}.Release|Any CPU.ActiveCfg = Release|Any CPU
		{DCEC32E3-B72D-4948-A119-D39B0473DE6D}.Release|Any CPU.Build.0 = Release|Any CPU
	EndGlobalSection
	GlobalSection(SolutionProperties) = preSolution
		HideSolutionNode = FALSE
	EndGlobalSection
	GlobalSection(NestedProjects) = preSolution
		{377FD682-4D83-4958-998A-758D8431A405} = {8E17B157-119F-4074-8CEC-E67C932E80B4}
		{DCEC32E3-B72D-4948-A119-D39B0473DE6D} = {8E17B157-119F-4074-8CEC-E67C932E80B4}
	EndGlobalSection
EndGlobal
